
Microsoft Visual Studio Solution File, Format Version 12.00
# Visual Studio Version 17
VisualStudioVersion = 17.0.31825.309
MinimumVisualStudioVersion = 10.0.40219.1
Project("{2150E333-8FDC-42A3-9474-1A3956D46DE8}") = "services", "services", "{259331C4-B4F5-4A55-8B91-FDC3AF0AE5AF}"
EndProject
Project("{2150E333-8FDC-42A3-9474-1A3956D46DE8}") = "src", "src", "{26680523-8852-4612-8B01-2987C01C4F5E}"
EndProject
Project("{2150E333-8FDC-42A3-9474-1A3956D46DE8}") = "getaway", "getaway", "{1881CBB1-542B-45C7-8435-C829425DCB44}"
EndProject
Project("{2150E333-8FDC-42A3-9474-1A3956D46DE8}") = "base", "base", "{30AB43D0-EC92-451F-9A8F-9C68D0DDE83A}"
EndProject
Project("{2150E333-8FDC-42A3-9474-1A3956D46DE8}") = "store", "store", "{7C3D8DA3-63AF-4333-9ED3-B2DFBAE4529E}"
EndProject
Project("{2150E333-8FDC-42A3-9474-1A3956D46DE8}") = "data", "data", "{F149DA20-788C-4686-84CB-D9D8BD1C12B3}"
EndProject
Project("{9A19103F-16F7-4668-BE54-9A1E7A4F7556}") = "fed.cloud.store.domain", "src\services\store\data\fed.cloud.store.domain\fed.cloud.store.domain.csproj", "{52409846-6649-44A5-8642-2E6265B8A674}"
EndProject
Project("{9A19103F-16F7-4668-BE54-9A1E7A4F7556}") = "fed.cloud.store.api", "src\services\store\fed.cloud.store.api\fed.cloud.store.api.csproj", "{63D69B5C-19E1-4D4B-91AF-2FEB31B27012}"
EndProject
Project("{9A19103F-16F7-4668-BE54-9A1E7A4F7556}") = "fed.cloud.store.application", "src\services\store\fed.cloud.store.application\fed.cloud.store.application.csproj", "{7EE29F6C-0266-4BAA-8EBB-9C0FA22B9617}"
EndProject
Project("{9A19103F-16F7-4668-BE54-9A1E7A4F7556}") = "fed.cloud.store.infrastructure", "src\services\store\fed.cloud.store.infrastructure\fed.cloud.store.infrastructure.csproj", "{D58EDCEF-2EE3-4660-B28C-C949F3ADD5FA}"
EndProject
Project("{2150E333-8FDC-42A3-9474-1A3956D46DE8}") = "tests", "tests", "{0A479F3F-164F-43BE-94A2-ECD761EB7720}"
EndProject
Project("{2150E333-8FDC-42A3-9474-1A3956D46DE8}") = "shared", "shared", "{40064D32-FCD4-487D-9C33-1DC01113985C}"
EndProject
Project("{9A19103F-16F7-4668-BE54-9A1E7A4F7556}") = "gen.common", "src\shared\shared.items\gen.common\gen.common.csproj", "{77973E31-F7EC-4257-BC1C-5413172BA0D4}"
EndProject
Project("{9A19103F-16F7-4668-BE54-9A1E7A4F7556}") = "fed.cloud.eventbus", "src\shared\fed.cloud.shared\fed.cloud.eventbus\fed.cloud.eventbus.csproj", "{33F309E9-DB51-458D-BE58-C6C7F0FB1944}"
EndProject
Project("{9A19103F-16F7-4668-BE54-9A1E7A4F7556}") = "fed.cloud.common", "src\shared\fed.cloud.common\fed.cloud.common.csproj", "{18265DD2-E670-4CB0-A797-B9A1FE7F4A83}"
EndProject
Project("{2150E333-8FDC-42A3-9474-1A3956D46DE8}") = "shopping", "shopping", "{5567DAA1-10D9-44CF-B148-E2C62F9C2CA0}"
EndProject
Project("{2150E333-8FDC-42A3-9474-1A3956D46DE8}") = "product", "product", "{978986FE-F9B9-4730-916C-E4C0E047989B}"
EndProject
Project("{2150E333-8FDC-42A3-9474-1A3956D46DE8}") = "user", "user", "{6EF24887-0B56-4F1C-BD6B-03594C5A3C22}"
EndProject
Project("{2150E333-8FDC-42A3-9474-1A3956D46DE8}") = "finances", "finances", "{6EECECCA-C76F-4E9B-93B6-CAFC4936371F}"
EndProject
Global
	GlobalSection(SolutionConfigurationPlatforms) = preSolution
		Debug|Any CPU = Debug|Any CPU
		Release|Any CPU = Release|Any CPU
	EndGlobalSection
	GlobalSection(ProjectConfigurationPlatforms) = postSolution
		{52409846-6649-44A5-8642-2E6265B8A674}.Debug|Any CPU.ActiveCfg = Debug|Any CPU
		{52409846-6649-44A5-8642-2E6265B8A674}.Debug|Any CPU.Build.0 = Debug|Any CPU
		{52409846-6649-44A5-8642-2E6265B8A674}.Release|Any CPU.ActiveCfg = Release|Any CPU
		{52409846-6649-44A5-8642-2E6265B8A674}.Release|Any CPU.Build.0 = Release|Any CPU
		{63D69B5C-19E1-4D4B-91AF-2FEB31B27012}.Debug|Any CPU.ActiveCfg = Debug|Any CPU
		{63D69B5C-19E1-4D4B-91AF-2FEB31B27012}.Debug|Any CPU.Build.0 = Debug|Any CPU
		{63D69B5C-19E1-4D4B-91AF-2FEB31B27012}.Release|Any CPU.ActiveCfg = Release|Any CPU
		{63D69B5C-19E1-4D4B-91AF-2FEB31B27012}.Release|Any CPU.Build.0 = Release|Any CPU
		{7EE29F6C-0266-4BAA-8EBB-9C0FA22B9617}.Debug|Any CPU.ActiveCfg = Debug|Any CPU
		{7EE29F6C-0266-4BAA-8EBB-9C0FA22B9617}.Debug|Any CPU.Build.0 = Debug|Any CPU
		{7EE29F6C-0266-4BAA-8EBB-9C0FA22B9617}.Release|Any CPU.ActiveCfg = Release|Any CPU
		{7EE29F6C-0266-4BAA-8EBB-9C0FA22B9617}.Release|Any CPU.Build.0 = Release|Any CPU
		{D58EDCEF-2EE3-4660-B28C-C949F3ADD5FA}.Debug|Any CPU.ActiveCfg = Debug|Any CPU
		{D58EDCEF-2EE3-4660-B28C-C949F3ADD5FA}.Debug|Any CPU.Build.0 = Debug|Any CPU
		{D58EDCEF-2EE3-4660-B28C-C949F3ADD5FA}.Release|Any CPU.ActiveCfg = Release|Any CPU
		{D58EDCEF-2EE3-4660-B28C-C949F3ADD5FA}.Release|Any CPU.Build.0 = Release|Any CPU
		{77973E31-F7EC-4257-BC1C-5413172BA0D4}.Debug|Any CPU.ActiveCfg = Debug|Any CPU
		{77973E31-F7EC-4257-BC1C-5413172BA0D4}.Debug|Any CPU.Build.0 = Debug|Any CPU
		{77973E31-F7EC-4257-BC1C-5413172BA0D4}.Release|Any CPU.ActiveCfg = Release|Any CPU
		{77973E31-F7EC-4257-BC1C-5413172BA0D4}.Release|Any CPU.Build.0 = Release|Any CPU
		{33F309E9-DB51-458D-BE58-C6C7F0FB1944}.Debug|Any CPU.ActiveCfg = Debug|Any CPU
		{33F309E9-DB51-458D-BE58-C6C7F0FB1944}.Debug|Any CPU.Build.0 = Debug|Any CPU
		{33F309E9-DB51-458D-BE58-C6C7F0FB1944}.Release|Any CPU.ActiveCfg = Release|Any CPU
		{33F309E9-DB51-458D-BE58-C6C7F0FB1944}.Release|Any CPU.Build.0 = Release|Any CPU
		{18265DD2-E670-4CB0-A797-B9A1FE7F4A83}.Debug|Any CPU.ActiveCfg = Debug|Any CPU
		{18265DD2-E670-4CB0-A797-B9A1FE7F4A83}.Debug|Any CPU.Build.0 = Debug|Any CPU
		{18265DD2-E670-4CB0-A797-B9A1FE7F4A83}.Release|Any CPU.ActiveCfg = Release|Any CPU
		{18265DD2-E670-4CB0-A797-B9A1FE7F4A83}.Release|Any CPU.Build.0 = Release|Any CPU
	EndGlobalSection
	GlobalSection(SolutionProperties) = preSolution
		HideSolutionNode = FALSE
	EndGlobalSection
	GlobalSection(NestedProjects) = preSolution
		{26680523-8852-4612-8B01-2987C01C4F5E} = {259331C4-B4F5-4A55-8B91-FDC3AF0AE5AF}
		{7C3D8DA3-63AF-4333-9ED3-B2DFBAE4529E} = {26680523-8852-4612-8B01-2987C01C4F5E}
		{F149DA20-788C-4686-84CB-D9D8BD1C12B3} = {7C3D8DA3-63AF-4333-9ED3-B2DFBAE4529E}
		{52409846-6649-44A5-8642-2E6265B8A674} = {F149DA20-788C-4686-84CB-D9D8BD1C12B3}
		{63D69B5C-19E1-4D4B-91AF-2FEB31B27012} = {7C3D8DA3-63AF-4333-9ED3-B2DFBAE4529E}
		{7EE29F6C-0266-4BAA-8EBB-9C0FA22B9617} = {7C3D8DA3-63AF-4333-9ED3-B2DFBAE4529E}
		{D58EDCEF-2EE3-4660-B28C-C949F3ADD5FA} = {7C3D8DA3-63AF-4333-9ED3-B2DFBAE4529E}
		{0A479F3F-164F-43BE-94A2-ECD761EB7720} = {7C3D8DA3-63AF-4333-9ED3-B2DFBAE4529E}
		{77973E31-F7EC-4257-BC1C-5413172BA0D4} = {40064D32-FCD4-487D-9C33-1DC01113985C}
		{33F309E9-DB51-458D-BE58-C6C7F0FB1944} = {40064D32-FCD4-487D-9C33-1DC01113985C}
		{18265DD2-E670-4CB0-A797-B9A1FE7F4A83} = {40064D32-FCD4-487D-9C33-1DC01113985C}
		{5567DAA1-10D9-44CF-B148-E2C62F9C2CA0} = {26680523-8852-4612-8B01-2987C01C4F5E}
		{978986FE-F9B9-4730-916C-E4C0E047989B} = {26680523-8852-4612-8B01-2987C01C4F5E}
		{6EF24887-0B56-4F1C-BD6B-03594C5A3C22} = {26680523-8852-4612-8B01-2987C01C4F5E}
		{6EECECCA-C76F-4E9B-93B6-CAFC4936371F} = {26680523-8852-4612-8B01-2987C01C4F5E}
	EndGlobalSection
	GlobalSection(ExtensibilityGlobals) = postSolution
		SolutionGuid = {5A67CF9D-7447-4B58-93E0-0DD8AB708AF7}
	EndGlobalSection
EndGlobal
