
Microsoft Visual Studio Solution File, Format Version 12.00
# Visual Studio Version 16
VisualStudioVersion = 16.0.31321.278
MinimumVisualStudioVersion = 10.0.40219.1
Project("{FAE04EC0-301F-11D3-BF4B-00C04F79EFBC}") = "fed.cloud.eventbus", "fed.cloud.eventbus\fed.cloud.eventbus.csproj", "{57A3D769-9A86-4F63-BD8F-4A326CDA8836}"
EndProject
Global
	GlobalSection(SolutionConfigurationPlatforms) = preSolution
		Debug|Any CPU = Debug|Any CPU
		Release|Any CPU = Release|Any CPU
	EndGlobalSection
	GlobalSection(ProjectConfigurationPlatforms) = postSolution
		{57A3D769-9A86-4F63-BD8F-4A326CDA8836}.Debug|Any CPU.ActiveCfg = Debug|Any CPU
		{57A3D769-9A86-4F63-BD8F-4A326CDA8836}.Debug|Any CPU.Build.0 = Debug|Any CPU
		{57A3D769-9A86-4F63-BD8F-4A326CDA8836}.Release|Any CPU.ActiveCfg = Release|Any CPU
		{57A3D769-9A86-4F63-BD8F-4A326CDA8836}.Release|Any CPU.Build.0 = Release|Any CPU
	EndGlobalSection
	GlobalSection(SolutionProperties) = preSolution
		HideSolutionNode = FALSE
	EndGlobalSection
	GlobalSection(ExtensibilityGlobals) = postSolution
		SolutionGuid = {56B2B5AB-A9ED-450D-A37A-E37EF268AC5A}
	EndGlobalSection
EndGlobal
